
Microsoft Visual Studio Solution File, Format Version 12.00
# Visual Studio 15
VisualStudioVersion = 15.0.28307.645
MinimumVisualStudioVersion = 10.0.40219.1
Project("{8BC9CEB8-8B4A-11D0-8D11-00A0C91BC942}") = "main7.cpp", "main7.cpp\main7.cpp.vcxproj", "{A74E6E55-4F43-4C8B-A8B7-0C742CA9B95A}"
EndProject
Global
	GlobalSection(SolutionConfigurationPlatforms) = preSolution
		Debug|x64 = Debug|x64
		Debug|x86 = Debug|x86
		Release|x64 = Release|x64
		Release|x86 = Release|x86
	EndGlobalSection
	GlobalSection(ProjectConfigurationPlatforms) = postSolution
		{A74E6E55-4F43-4C8B-A8B7-0C742CA9B95A}.Debug|x64.ActiveCfg = Debug|x64
		{A74E6E55-4F43-4C8B-A8B7-0C742CA9B95A}.Debug|x64.Build.0 = Debug|x64
		{A74E6E55-4F43-4C8B-A8B7-0C742CA9B95A}.Debug|x86.ActiveCfg = Debug|Win32
		{A74E6E55-4F43-4C8B-A8B7-0C742CA9B95A}.Debug|x86.Build.0 = Debug|Win32
		{A74E6E55-4F43-4C8B-A8B7-0C742CA9B95A}.Release|x64.ActiveCfg = Release|x64
		{A74E6E55-4F43-4C8B-A8B7-0C742CA9B95A}.Release|x64.Build.0 = Release|x64
		{A74E6E55-4F43-4C8B-A8B7-0C742CA9B95A}.Release|x86.ActiveCfg = Release|Win32
		{A74E6E55-4F43-4C8B-A8B7-0C742CA9B95A}.Release|x86.Build.0 = Release|Win32
	EndGlobalSection
	GlobalSection(SolutionProperties) = preSolution
		HideSolutionNode = FALSE
	EndGlobalSection
	GlobalSection(ExtensibilityGlobals) = postSolution
		SolutionGuid = {F2BB4750-ABB6-459F-8A5A-8D131A317D5A}
	EndGlobalSection
EndGlobal
